
Microsoft Visual Studio Solution File, Format Version 12.00
# Visual Studio 15
VisualStudioVersion = 15.0.26730.16
MinimumVisualStudioVersion = 10.0.40219.1
Project("{FAE04EC0-301F-11D3-BF4B-00C04F79EFBC}") = "FriendOrganizer.UI", "FriendOrganizer.UI\FriendOrganizer.UI.csproj", "{710173B8-3A91-4A4E-B90E-4F7BEC8C0C45}"
EndProject
Project("{FAE04EC0-301F-11D3-BF4B-00C04F79EFBC}") = "FriendOrganizer.DataAccess", "FriendOrganizer.DataAccess\FriendOrganizer.DataAccess.csproj", "{3DFB5516-44A4-4D8A-910F-E52DE2F19DD1}"
EndProject
Project("{FAE04EC0-301F-11D3-BF4B-00C04F79EFBC}") = "FriendOrganizer.Model", "FriendOrganizer.Model\FriendOrganizer.Model.csproj", "{DE713348-C15D-44B5-BD5F-29CB07816440}"
EndProject
Global
	GlobalSection(SolutionConfigurationPlatforms) = preSolution
		Debug|Any CPU = Debug|Any CPU
		Release|Any CPU = Release|Any CPU
	EndGlobalSection
	GlobalSection(ProjectConfigurationPlatforms) = postSolution
		{710173B8-3A91-4A4E-B90E-4F7BEC8C0C45}.Debug|Any CPU.ActiveCfg = Debug|Any CPU
		{710173B8-3A91-4A4E-B90E-4F7BEC8C0C45}.Debug|Any CPU.Build.0 = Debug|Any CPU
		{710173B8-3A91-4A4E-B90E-4F7BEC8C0C45}.Release|Any CPU.ActiveCfg = Release|Any CPU
		{710173B8-3A91-4A4E-B90E-4F7BEC8C0C45}.Release|Any CPU.Build.0 = Release|Any CPU
		{3DFB5516-44A4-4D8A-910F-E52DE2F19DD1}.Debug|Any CPU.ActiveCfg = Debug|Any CPU
		{3DFB5516-44A4-4D8A-910F-E52DE2F19DD1}.Debug|Any CPU.Build.0 = Debug|Any CPU
		{3DFB5516-44A4-4D8A-910F-E52DE2F19DD1}.Release|Any CPU.ActiveCfg = Release|Any CPU
		{3DFB5516-44A4-4D8A-910F-E52DE2F19DD1}.Release|Any CPU.Build.0 = Release|Any CPU
		{DE713348-C15D-44B5-BD5F-29CB07816440}.Debug|Any CPU.ActiveCfg = Debug|Any CPU
		{DE713348-C15D-44B5-BD5F-29CB07816440}.Debug|Any CPU.Build.0 = Debug|Any CPU
		{DE713348-C15D-44B5-BD5F-29CB07816440}.Release|Any CPU.ActiveCfg = Release|Any CPU
		{DE713348-C15D-44B5-BD5F-29CB07816440}.Release|Any CPU.Build.0 = Release|Any CPU
	EndGlobalSection
	GlobalSection(SolutionProperties) = preSolution
		HideSolutionNode = FALSE
	EndGlobalSection
	GlobalSection(ExtensibilityGlobals) = postSolution
		SolutionGuid = {2CF2101E-3A23-4B46-8A7F-2FA050207A2E}
	EndGlobalSection
EndGlobal
